// !$*UTF8*$!
{
	archiveVersion = 1;
	classes = {
	};
	objectVersion = 56;
	objects = {

/* Begin PBXBuildFile section */
		131A392B29A8C48600DFC279 /* Alert.swift in Sources */ = {isa = PBXBuildFile; fileRef = 131A392A29A8C48600DFC279 /* Alert.swift */; };
		133DE2E429A60D8900AFAD29 /* Tag.swift in Sources */ = {isa = PBXBuildFile; fileRef = 133DE2E329A60D8900AFAD29 /* Tag.swift */; };
		133DE2E729A61C2C00AFAD29 /* PhotoDisplayView.swift in Sources */ = {isa = PBXBuildFile; fileRef = 133DE2E629A61C2C00AFAD29 /* PhotoDisplayView.swift */; };
		133DE2EB29A673C700AFAD29 /* ExhibitionInputData.swift in Sources */ = {isa = PBXBuildFile; fileRef = 133DE2EA29A673C700AFAD29 /* ExhibitionInputData.swift */; };
		133EBBD429AB4CCD00DAB0AE /* Response.swift in Sources */ = {isa = PBXBuildFile; fileRef = 133EBBD329AB4CCD00DAB0AE /* Response.swift */; };
		133EBBD729AB54E700DAB0AE /* ExhibitionAPI.swift in Sources */ = {isa = PBXBuildFile; fileRef = 133EBBD629AB54E700DAB0AE /* ExhibitionAPI.swift */; };
		133EBBD929AB596F00DAB0AE /* Request.swift in Sources */ = {isa = PBXBuildFile; fileRef = 133EBBD829AB596F00DAB0AE /* Request.swift */; };
		133EBBDC29AB604500DAB0AE /* Alamofire in Frameworks */ = {isa = PBXBuildFile; productRef = 133EBBDB29AB604500DAB0AE /* Alamofire */; };
		1340019829A7B86400595EF1 /* Like.swift in Sources */ = {isa = PBXBuildFile; fileRef = 1340019729A7B86400595EF1 /* Like.swift */; };
		1340019A29A7BB9500595EF1 /* BuyModal.swift in Sources */ = {isa = PBXBuildFile; fileRef = 1340019929A7BB9500595EF1 /* BuyModal.swift */; };
		1344F1C229A5EB8300FD3FA3 /* ExhibitionDetailView.swift in Sources */ = {isa = PBXBuildFile; fileRef = 1344F1C129A5EB8300FD3FA3 /* ExhibitionDetailView.swift */; };
		13CEFBC829A7A27C009B99EA /* User.swift in Sources */ = {isa = PBXBuildFile; fileRef = 13CEFBC729A7A27C009B99EA /* User.swift */; };
		13E938F929A0D92400A6CA0B /* PhotoCarpetApp.swift in Sources */ = {isa = PBXBuildFile; fileRef = 13E938F829A0D92400A6CA0B /* PhotoCarpetApp.swift */; };
		13E938FB29A0D92400A6CA0B /* ContentView.swift in Sources */ = {isa = PBXBuildFile; fileRef = 13E938FA29A0D92400A6CA0B /* ContentView.swift */; };
		13E938FD29A0D92500A6CA0B /* Assets.xcassets in Resources */ = {isa = PBXBuildFile; fileRef = 13E938FC29A0D92500A6CA0B /* Assets.xcassets */; };
		13E9390029A0D92500A6CA0B /* Preview Assets.xcassets in Resources */ = {isa = PBXBuildFile; fileRef = 13E938FF29A0D92500A6CA0B /* Preview Assets.xcassets */; };
		13EBBA1E29A51C600079CC52 /* EnrollView.swift in Sources */ = {isa = PBXBuildFile; fileRef = 13EBBA1D29A51C600079CC52 /* EnrollView.swift */; };
		13EBBA2029A523100079CC52 /* ImageSelector.swift in Sources */ = {isa = PBXBuildFile; fileRef = 13EBBA1F29A523100079CC52 /* ImageSelector.swift */; };
		13EBBA2629A536350079CC52 /* CustomTextField.swift in Sources */ = {isa = PBXBuildFile; fileRef = 13EBBA2529A536350079CC52 /* CustomTextField.swift */; };
		13EBBA2829A5D56F0079CC52 /* ExhibitionMainView.swift in Sources */ = {isa = PBXBuildFile; fileRef = 13EBBA2729A5D56F0079CC52 /* ExhibitionMainView.swift */; };
		13EBBA2B29A5D5E50079CC52 /* BackButton.swift in Sources */ = {isa = PBXBuildFile; fileRef = 13EBBA2A29A5D5E50079CC52 /* BackButton.swift */; };
		13FD22F829A0F2CB0055013E /* Model.swift in Sources */ = {isa = PBXBuildFile; fileRef = 13FD22F729A0F2CB0055013E /* Model.swift */; };
		6F04098329A686A4006CBE9E /* ArtistItem.swift in Sources */ = {isa = PBXBuildFile; fileRef = 6F04098229A686A4006CBE9E /* ArtistItem.swift */; };
		6F04098529A686C0006CBE9E /* SearchHome.swift in Sources */ = {isa = PBXBuildFile; fileRef = 6F04098429A686C0006CBE9E /* SearchHome.swift */; };
		6F04098729A686DE006CBE9E /* SearchExhibition.swift in Sources */ = {isa = PBXBuildFile; fileRef = 6F04098629A686DE006CBE9E /* SearchExhibition.swift */; };
		6F04098929A686F2006CBE9E /* SearchBar.swift in Sources */ = {isa = PBXBuildFile; fileRef = 6F04098829A686F2006CBE9E /* SearchBar.swift */; };
		6F04098B29A68706006CBE9E /* SearchArtist.swift in Sources */ = {isa = PBXBuildFile; fileRef = 6F04098A29A68706006CBE9E /* SearchArtist.swift */; };
		6F04098E29A6960F006CBE9E /* LikeHome.swift in Sources */ = {isa = PBXBuildFile; fileRef = 6F04098D29A6960F006CBE9E /* LikeHome.swift */; };
		6F04099029A69AD8006CBE9E /* LikePhoto.swift in Sources */ = {isa = PBXBuildFile; fileRef = 6F04098F29A69AD8006CBE9E /* LikePhoto.swift */; };
		6F04099229A69B5D006CBE9E /* PhotoItem.swift in Sources */ = {isa = PBXBuildFile; fileRef = 6F04099129A69B5D006CBE9E /* PhotoItem.swift */; };
		6F04099529A69BDE006CBE9E /* ExhibitionInfo.swift in Sources */ = {isa = PBXBuildFile; fileRef = 6F04099429A69BDE006CBE9E /* ExhibitionInfo.swift */; };
		6F04099729A69C40006CBE9E /* ArtistInfo.swift in Sources */ = {isa = PBXBuildFile; fileRef = 6F04099629A69C40006CBE9E /* ArtistInfo.swift */; };
		6F0E178F29A5636E0062C280 /* exhibitionData.json in Resources */ = {isa = PBXBuildFile; fileRef = 6F0E178E29A5636E0062C280 /* exhibitionData.json */; };
		6FB6F41E29A49DC10077C1BD /* MainHome.swift in Sources */ = {isa = PBXBuildFile; fileRef = 6FB6F41D29A49DC10077C1BD /* MainHome.swift */; };
		6FB6F42129A4AC160077C1BD /* ExhibitionRow.swift in Sources */ = {isa = PBXBuildFile; fileRef = 6FB6F42029A4AC160077C1BD /* ExhibitionRow.swift */; };
		6FB6F42329A4ACC40077C1BD /* ExhibitionItem.swift in Sources */ = {isa = PBXBuildFile; fileRef = 6FB6F42229A4ACC40077C1BD /* ExhibitionItem.swift */; };
		6FB6F42529A4BEC00077C1BD /* CustomNavBarView.swift in Sources */ = {isa = PBXBuildFile; fileRef = 6FB6F42429A4BEC00077C1BD /* CustomNavBarView.swift */; };
/* End PBXBuildFile section */

/* Begin PBXFileReference section */
		131A392A29A8C48600DFC279 /* Alert.swift */ = {isa = PBXFileReference; lastKnownFileType = sourcecode.swift; path = Alert.swift; sourceTree = "<group>"; };
		133DE2E329A60D8900AFAD29 /* Tag.swift */ = {isa = PBXFileReference; lastKnownFileType = sourcecode.swift; path = Tag.swift; sourceTree = "<group>"; };
		133DE2E629A61C2C00AFAD29 /* PhotoDisplayView.swift */ = {isa = PBXFileReference; lastKnownFileType = sourcecode.swift; path = PhotoDisplayView.swift; sourceTree = "<group>"; };
		133DE2EA29A673C700AFAD29 /* ExhibitionInputData.swift */ = {isa = PBXFileReference; lastKnownFileType = sourcecode.swift; path = ExhibitionInputData.swift; sourceTree = "<group>"; };
		133EBBD329AB4CCD00DAB0AE /* Response.swift */ = {isa = PBXFileReference; lastKnownFileType = sourcecode.swift; path = Response.swift; sourceTree = "<group>"; };
		133EBBD629AB54E700DAB0AE /* ExhibitionAPI.swift */ = {isa = PBXFileReference; lastKnownFileType = sourcecode.swift; path = ExhibitionAPI.swift; sourceTree = "<group>"; };
		133EBBD829AB596F00DAB0AE /* Request.swift */ = {isa = PBXFileReference; lastKnownFileType = sourcecode.swift; path = Request.swift; sourceTree = "<group>"; };
		1340019729A7B86400595EF1 /* Like.swift */ = {isa = PBXFileReference; lastKnownFileType = sourcecode.swift; path = Like.swift; sourceTree = "<group>"; };
		1340019929A7BB9500595EF1 /* BuyModal.swift */ = {isa = PBXFileReference; lastKnownFileType = sourcecode.swift; path = BuyModal.swift; sourceTree = "<group>"; };
		1344F1C129A5EB8300FD3FA3 /* ExhibitionDetailView.swift */ = {isa = PBXFileReference; lastKnownFileType = sourcecode.swift; path = ExhibitionDetailView.swift; sourceTree = "<group>"; };
		13CEFBC729A7A27C009B99EA /* User.swift */ = {isa = PBXFileReference; lastKnownFileType = sourcecode.swift; path = User.swift; sourceTree = "<group>"; };
		13E938F529A0D92400A6CA0B /* PhotoCarpet.app */ = {isa = PBXFileReference; explicitFileType = wrapper.application; includeInIndex = 0; path = PhotoCarpet.app; sourceTree = BUILT_PRODUCTS_DIR; };
		13E938F829A0D92400A6CA0B /* PhotoCarpetApp.swift */ = {isa = PBXFileReference; lastKnownFileType = sourcecode.swift; path = PhotoCarpetApp.swift; sourceTree = "<group>"; };
		13E938FA29A0D92400A6CA0B /* ContentView.swift */ = {isa = PBXFileReference; lastKnownFileType = sourcecode.swift; path = ContentView.swift; sourceTree = "<group>"; };
		13E938FC29A0D92500A6CA0B /* Assets.xcassets */ = {isa = PBXFileReference; lastKnownFileType = folder.assetcatalog; path = Assets.xcassets; sourceTree = "<group>"; };
		13E938FF29A0D92500A6CA0B /* Preview Assets.xcassets */ = {isa = PBXFileReference; lastKnownFileType = folder.assetcatalog; path = "Preview Assets.xcassets"; sourceTree = "<group>"; };
		13EBBA1D29A51C600079CC52 /* EnrollView.swift */ = {isa = PBXFileReference; lastKnownFileType = sourcecode.swift; path = EnrollView.swift; sourceTree = "<group>"; };
		13EBBA1F29A523100079CC52 /* ImageSelector.swift */ = {isa = PBXFileReference; lastKnownFileType = sourcecode.swift; path = ImageSelector.swift; sourceTree = "<group>"; };
		13EBBA2529A536350079CC52 /* CustomTextField.swift */ = {isa = PBXFileReference; lastKnownFileType = sourcecode.swift; path = CustomTextField.swift; sourceTree = "<group>"; };
		13EBBA2729A5D56F0079CC52 /* ExhibitionMainView.swift */ = {isa = PBXFileReference; lastKnownFileType = sourcecode.swift; path = ExhibitionMainView.swift; sourceTree = "<group>"; };
		13EBBA2A29A5D5E50079CC52 /* BackButton.swift */ = {isa = PBXFileReference; lastKnownFileType = sourcecode.swift; path = BackButton.swift; sourceTree = "<group>"; };
		13FD22F729A0F2CB0055013E /* Model.swift */ = {isa = PBXFileReference; lastKnownFileType = sourcecode.swift; path = Model.swift; sourceTree = "<group>"; };
		6F04098229A686A4006CBE9E /* ArtistItem.swift */ = {isa = PBXFileReference; lastKnownFileType = sourcecode.swift; path = ArtistItem.swift; sourceTree = "<group>"; };
		6F04098429A686C0006CBE9E /* SearchHome.swift */ = {isa = PBXFileReference; lastKnownFileType = sourcecode.swift; path = SearchHome.swift; sourceTree = "<group>"; };
		6F04098629A686DE006CBE9E /* SearchExhibition.swift */ = {isa = PBXFileReference; lastKnownFileType = sourcecode.swift; path = SearchExhibition.swift; sourceTree = "<group>"; };
		6F04098829A686F2006CBE9E /* SearchBar.swift */ = {isa = PBXFileReference; lastKnownFileType = sourcecode.swift; path = SearchBar.swift; sourceTree = "<group>"; };
		6F04098A29A68706006CBE9E /* SearchArtist.swift */ = {isa = PBXFileReference; lastKnownFileType = sourcecode.swift; path = SearchArtist.swift; sourceTree = "<group>"; };
		6F04098D29A6960F006CBE9E /* LikeHome.swift */ = {isa = PBXFileReference; lastKnownFileType = sourcecode.swift; path = LikeHome.swift; sourceTree = "<group>"; };
		6F04098F29A69AD8006CBE9E /* LikePhoto.swift */ = {isa = PBXFileReference; lastKnownFileType = sourcecode.swift; path = LikePhoto.swift; sourceTree = "<group>"; };
		6F04099129A69B5D006CBE9E /* PhotoItem.swift */ = {isa = PBXFileReference; lastKnownFileType = sourcecode.swift; path = PhotoItem.swift; sourceTree = "<group>"; };
		6F04099429A69BDE006CBE9E /* ExhibitionInfo.swift */ = {isa = PBXFileReference; lastKnownFileType = sourcecode.swift; path = ExhibitionInfo.swift; sourceTree = "<group>"; };
		6F04099629A69C40006CBE9E /* ArtistInfo.swift */ = {isa = PBXFileReference; lastKnownFileType = sourcecode.swift; path = ArtistInfo.swift; sourceTree = "<group>"; };
		6F0E178B29A539600062C280 /* Info.plist */ = {isa = PBXFileReference; lastKnownFileType = text.plist; path = Info.plist; sourceTree = "<group>"; };
		6F0E178E29A5636E0062C280 /* exhibitionData.json */ = {isa = PBXFileReference; lastKnownFileType = text.json; path = exhibitionData.json; sourceTree = "<group>"; };
		6FB6F41D29A49DC10077C1BD /* MainHome.swift */ = {isa = PBXFileReference; lastKnownFileType = sourcecode.swift; path = MainHome.swift; sourceTree = "<group>"; };
		6FB6F42029A4AC160077C1BD /* ExhibitionRow.swift */ = {isa = PBXFileReference; lastKnownFileType = sourcecode.swift; path = ExhibitionRow.swift; sourceTree = "<group>"; };
		6FB6F42229A4ACC40077C1BD /* ExhibitionItem.swift */ = {isa = PBXFileReference; lastKnownFileType = sourcecode.swift; path = ExhibitionItem.swift; sourceTree = "<group>"; };
		6FB6F42429A4BEC00077C1BD /* CustomNavBarView.swift */ = {isa = PBXFileReference; lastKnownFileType = sourcecode.swift; path = CustomNavBarView.swift; sourceTree = "<group>"; };
/* End PBXFileReference section */

/* Begin PBXFrameworksBuildPhase section */
		13E938F229A0D92400A6CA0B /* Frameworks */ = {
			isa = PBXFrameworksBuildPhase;
			buildActionMask = 2147483647;
			files = (
				133EBBDC29AB604500DAB0AE /* Alamofire in Frameworks */,
			);
			runOnlyForDeploymentPostprocessing = 0;
		};
/* End PBXFrameworksBuildPhase section */

/* Begin PBXGroup section */
		133EBBD529AB54A100DAB0AE /* API */ = {
			isa = PBXGroup;
			children = (
				133EBBD629AB54E700DAB0AE /* ExhibitionAPI.swift */,
			);
			path = API;
			sourceTree = "<group>";
		};
		139162D529A2595000E6F80B /* Exhibition */ = {
			isa = PBXGroup;
			children = (
				13EBBA2929A5D5780079CC52 /* Components */,
				13EBBA1D29A51C600079CC52 /* EnrollView.swift */,
				1344F1C129A5EB8300FD3FA3 /* ExhibitionDetailView.swift */,
				13EBBA2729A5D56F0079CC52 /* ExhibitionMainView.swift */,
				133DE2E629A61C2C00AFAD29 /* PhotoDisplayView.swift */,
			);
			path = Exhibition;
			sourceTree = "<group>";
		};
		13E938EC29A0D92400A6CA0B = {
			isa = PBXGroup;
			children = (
				13E938F729A0D92400A6CA0B /* PhotoCarpet */,
				13E938F629A0D92400A6CA0B /* Products */,
			);
			sourceTree = "<group>";
		};
		13E938F629A0D92400A6CA0B /* Products */ = {
			isa = PBXGroup;
			children = (
				13E938F529A0D92400A6CA0B /* PhotoCarpet.app */,
			);
			name = Products;
			sourceTree = "<group>";
		};
		13E938F729A0D92400A6CA0B /* PhotoCarpet */ = {
			isa = PBXGroup;
			children = (
				6F0E178B29A539600062C280 /* Info.plist */,
				13E938F829A0D92400A6CA0B /* PhotoCarpetApp.swift */,
				13FD22F529A0F2AC0055013E /* Views */,
				13FD22F629A0F2BC0055013E /* Model */,
				133EBBD529AB54A100DAB0AE /* API */,
				13FD22F929A0F2D00055013E /* Resources */,
				13E938FE29A0D92500A6CA0B /* Preview Content */,
			);
			path = PhotoCarpet;
			sourceTree = "<group>";
		};
		13E938FE29A0D92500A6CA0B /* Preview Content */ = {
			isa = PBXGroup;
			children = (
				13E938FF29A0D92500A6CA0B /* Preview Assets.xcassets */,
			);
			path = "Preview Content";
			sourceTree = "<group>";
		};
		13EBBA2929A5D5780079CC52 /* Components */ = {
			isa = PBXGroup;
			children = (
				131A392A29A8C48600DFC279 /* Alert.swift */,
				13EBBA2A29A5D5E50079CC52 /* BackButton.swift */,
				1340019929A7BB9500595EF1 /* BuyModal.swift */,
				13EBBA2529A536350079CC52 /* CustomTextField.swift */,
				13EBBA1F29A523100079CC52 /* ImageSelector.swift */,
				1340019729A7B86400595EF1 /* Like.swift */,
				133DE2E329A60D8900AFAD29 /* Tag.swift */,
			);
			path = Components;
			sourceTree = "<group>";
		};
		13FD22F529A0F2AC0055013E /* Views */ = {
			isa = PBXGroup;
			children = (
				13E938FA29A0D92400A6CA0B /* ContentView.swift */,
				139162D529A2595000E6F80B /* Exhibition */,
				6FB6F41C29A49DB70077C1BD /* Home */,
				6F04099329A69BA9006CBE9E /* JH_Component */,
				6F04098C29A69603006CBE9E /* Like */,
				6F04098129A68694006CBE9E /* Search */,
			);
			path = Views;
			sourceTree = "<group>";
		};
		13FD22F629A0F2BC0055013E /* Model */ = {
			isa = PBXGroup;
			children = (
				6F0E178E29A5636E0062C280 /* exhibitionData.json */,
				133DE2EA29A673C700AFAD29 /* ExhibitionInputData.swift */,
				13FD22F729A0F2CB0055013E /* Model.swift */,
				133EBBD829AB596F00DAB0AE /* Request.swift */,
				133EBBD329AB4CCD00DAB0AE /* Response.swift */,
				13CEFBC729A7A27C009B99EA /* User.swift */,
			);
			path = Model;
			sourceTree = "<group>";
		};
		13FD22F929A0F2D00055013E /* Resources */ = {
			isa = PBXGroup;
			children = (
				13E938FC29A0D92500A6CA0B /* Assets.xcassets */,
			);
			path = Resources;
			sourceTree = "<group>";
		};
		6F04098129A68694006CBE9E /* Search */ = {
			isa = PBXGroup;
			children = (
				6F04098229A686A4006CBE9E /* ArtistItem.swift */,
				6F04098429A686C0006CBE9E /* SearchHome.swift */,
				6F04098629A686DE006CBE9E /* SearchExhibition.swift */,
				6F04098829A686F2006CBE9E /* SearchBar.swift */,
				6F04098A29A68706006CBE9E /* SearchArtist.swift */,
			);
			path = Search;
			sourceTree = "<group>";
		};
		6F04098C29A69603006CBE9E /* Like */ = {
			isa = PBXGroup;
			children = (
				6F04098D29A6960F006CBE9E /* LikeHome.swift */,
				6F04098F29A69AD8006CBE9E /* LikePhoto.swift */,
				6F04099129A69B5D006CBE9E /* PhotoItem.swift */,
			);
			path = Like;
			sourceTree = "<group>";
		};
		6F04099329A69BA9006CBE9E /* JH_Component */ = {
			isa = PBXGroup;
			children = (
				6F04099429A69BDE006CBE9E /* ExhibitionInfo.swift */,
				6F04099629A69C40006CBE9E /* ArtistInfo.swift */,
			);
			path = JH_Component;
			sourceTree = "<group>";
		};
		6FB6F41C29A49DB70077C1BD /* Home */ = {
			isa = PBXGroup;
			children = (
				6FB6F41D29A49DC10077C1BD /* MainHome.swift */,
				6FB6F42029A4AC160077C1BD /* ExhibitionRow.swift */,
				6FB6F42229A4ACC40077C1BD /* ExhibitionItem.swift */,
				6FB6F42429A4BEC00077C1BD /* CustomNavBarView.swift */,
			);
			path = Home;
			sourceTree = "<group>";
		};
/* End PBXGroup section */

/* Begin PBXNativeTarget section */
		13E938F429A0D92400A6CA0B /* PhotoCarpet */ = {
			isa = PBXNativeTarget;
			buildConfigurationList = 13E9390329A0D92500A6CA0B /* Build configuration list for PBXNativeTarget "PhotoCarpet" */;
			buildPhases = (
				13E938F129A0D92400A6CA0B /* Sources */,
				13E938F229A0D92400A6CA0B /* Frameworks */,
				13E938F329A0D92400A6CA0B /* Resources */,
			);
			buildRules = (
			);
			dependencies = (
			);
			name = PhotoCarpet;
			packageProductDependencies = (
				133EBBDB29AB604500DAB0AE /* Alamofire */,
			);
			productName = PhotoCarpet;
			productReference = 13E938F529A0D92400A6CA0B /* PhotoCarpet.app */;
			productType = "com.apple.product-type.application";
		};
/* End PBXNativeTarget section */

/* Begin PBXProject section */
		13E938ED29A0D92400A6CA0B /* Project object */ = {
			isa = PBXProject;
			attributes = {
				BuildIndependentTargetsInParallel = 1;
				LastSwiftUpdateCheck = 1420;
				LastUpgradeCheck = 1420;
				TargetAttributes = {
					13E938F429A0D92400A6CA0B = {
						CreatedOnToolsVersion = 14.2;
					};
				};
			};
			buildConfigurationList = 13E938F029A0D92400A6CA0B /* Build configuration list for PBXProject "PhotoCarpet" */;
			compatibilityVersion = "Xcode 14.0";
			developmentRegion = en;
			hasScannedForEncodings = 0;
			knownRegions = (
				en,
				Base,
			);
			mainGroup = 13E938EC29A0D92400A6CA0B;
			packageReferences = (
				133EBBDA29AB604500DAB0AE /* XCRemoteSwiftPackageReference "Alamofire" */,
			);
			productRefGroup = 13E938F629A0D92400A6CA0B /* Products */;
			projectDirPath = "";
			projectRoot = "";
			targets = (
				13E938F429A0D92400A6CA0B /* PhotoCarpet */,
			);
		};
/* End PBXProject section */

/* Begin PBXResourcesBuildPhase section */
		13E938F329A0D92400A6CA0B /* Resources */ = {
			isa = PBXResourcesBuildPhase;
			buildActionMask = 2147483647;
			files = (
				6F0E178F29A5636E0062C280 /* exhibitionData.json in Resources */,
				13E9390029A0D92500A6CA0B /* Preview Assets.xcassets in Resources */,
				13E938FD29A0D92500A6CA0B /* Assets.xcassets in Resources */,
			);
			runOnlyForDeploymentPostprocessing = 0;
		};
/* End PBXResourcesBuildPhase section */

/* Begin PBXSourcesBuildPhase section */
		13E938F129A0D92400A6CA0B /* Sources */ = {
			isa = PBXSourcesBuildPhase;
			buildActionMask = 2147483647;
			files = (
				13CEFBC829A7A27C009B99EA /* User.swift in Sources */,
				133DE2EB29A673C700AFAD29 /* ExhibitionInputData.swift in Sources */,
				13EBBA2B29A5D5E50079CC52 /* BackButton.swift in Sources */,
				13FD22F829A0F2CB0055013E /* Model.swift in Sources */,
				133DE2E429A60D8900AFAD29 /* Tag.swift in Sources */,
				13E938FB29A0D92400A6CA0B /* ContentView.swift in Sources */,
				13EBBA2629A536350079CC52 /* CustomTextField.swift in Sources */,
				1340019A29A7BB9500595EF1 /* BuyModal.swift in Sources */,
				13EBBA1E29A51C600079CC52 /* EnrollView.swift in Sources */,
				1340019829A7B86400595EF1 /* Like.swift in Sources */,
				133DE2E729A61C2C00AFAD29 /* PhotoDisplayView.swift in Sources */,
				13EBBA2029A523100079CC52 /* ImageSelector.swift in Sources */,
				1344F1C229A5EB8300FD3FA3 /* ExhibitionDetailView.swift in Sources */,
				13E938F929A0D92400A6CA0B /* PhotoCarpetApp.swift in Sources */,
				131A392B29A8C48600DFC279 /* Alert.swift in Sources */,
				13EBBA2829A5D56F0079CC52 /* ExhibitionMainView.swift in Sources */,
				6F04098529A686C0006CBE9E /* SearchHome.swift in Sources */,
				13FD22F829A0F2CB0055013E /* Model.swift in Sources */,
				6F04098329A686A4006CBE9E /* ArtistItem.swift in Sources */,
				6F04099029A69AD8006CBE9E /* LikePhoto.swift in Sources */,
				133EBBD429AB4CCD00DAB0AE /* Response.swift in Sources */,
				133EBBD729AB54E700DAB0AE /* ExhibitionAPI.swift in Sources */,
				6FB6F42129A4AC160077C1BD /* ExhibitionRow.swift in Sources */,
				13E938FB29A0D92400A6CA0B /* ContentView.swift in Sources */,
				6F04098E29A6960F006CBE9E /* LikeHome.swift in Sources */,
				133EBBD929AB596F00DAB0AE /* Request.swift in Sources */,
				13E938F929A0D92400A6CA0B /* PhotoCarpetApp.swift in Sources */,
				6F04099729A69C40006CBE9E /* ArtistInfo.swift in Sources */,
				6FB6F42529A4BEC00077C1BD /* CustomNavBarView.swift in Sources */,
				6FB6F41E29A49DC10077C1BD /* MainHome.swift in Sources */,
				6F04098729A686DE006CBE9E /* SearchExhibition.swift in Sources */,
				6F04099229A69B5D006CBE9E /* PhotoItem.swift in Sources */,
				6F04098929A686F2006CBE9E /* SearchBar.swift in Sources */,
				6F04098B29A68706006CBE9E /* SearchArtist.swift in Sources */,
				6F04099529A69BDE006CBE9E /* ExhibitionInfo.swift in Sources */,
				6FB6F42329A4ACC40077C1BD /* ExhibitionItem.swift in Sources */,
			);
			runOnlyForDeploymentPostprocessing = 0;
		};
/* End PBXSourcesBuildPhase section */

/* Begin XCBuildConfiguration section */
		13E9390129A0D92500A6CA0B /* Debug */ = {
			isa = XCBuildConfiguration;
			buildSettings = {
				ALWAYS_SEARCH_USER_PATHS = NO;
				CLANG_ANALYZER_NONNULL = YES;
				CLANG_ANALYZER_NUMBER_OBJECT_CONVERSION = YES_AGGRESSIVE;
				CLANG_CXX_LANGUAGE_STANDARD = "gnu++20";
				CLANG_ENABLE_MODULES = YES;
				CLANG_ENABLE_OBJC_ARC = YES;
				CLANG_ENABLE_OBJC_WEAK = YES;
				CLANG_WARN_BLOCK_CAPTURE_AUTORELEASING = YES;
				CLANG_WARN_BOOL_CONVERSION = YES;
				CLANG_WARN_COMMA = YES;
				CLANG_WARN_CONSTANT_CONVERSION = YES;
				CLANG_WARN_DEPRECATED_OBJC_IMPLEMENTATIONS = YES;
				CLANG_WARN_DIRECT_OBJC_ISA_USAGE = YES_ERROR;
				CLANG_WARN_DOCUMENTATION_COMMENTS = YES;
				CLANG_WARN_EMPTY_BODY = YES;
				CLANG_WARN_ENUM_CONVERSION = YES;
				CLANG_WARN_INFINITE_RECURSION = YES;
				CLANG_WARN_INT_CONVERSION = YES;
				CLANG_WARN_NON_LITERAL_NULL_CONVERSION = YES;
				CLANG_WARN_OBJC_IMPLICIT_RETAIN_SELF = YES;
				CLANG_WARN_OBJC_LITERAL_CONVERSION = YES;
				CLANG_WARN_OBJC_ROOT_CLASS = YES_ERROR;
				CLANG_WARN_QUOTED_INCLUDE_IN_FRAMEWORK_HEADER = YES;
				CLANG_WARN_RANGE_LOOP_ANALYSIS = YES;
				CLANG_WARN_STRICT_PROTOTYPES = YES;
				CLANG_WARN_SUSPICIOUS_MOVE = YES;
				CLANG_WARN_UNGUARDED_AVAILABILITY = YES_AGGRESSIVE;
				CLANG_WARN_UNREACHABLE_CODE = YES;
				CLANG_WARN__DUPLICATE_METHOD_MATCH = YES;
				COPY_PHASE_STRIP = NO;
				DEBUG_INFORMATION_FORMAT = dwarf;
				ENABLE_STRICT_OBJC_MSGSEND = YES;
				ENABLE_TESTABILITY = YES;
				GCC_C_LANGUAGE_STANDARD = gnu11;
				GCC_DYNAMIC_NO_PIC = NO;
				GCC_NO_COMMON_BLOCKS = YES;
				GCC_OPTIMIZATION_LEVEL = 0;
				GCC_PREPROCESSOR_DEFINITIONS = (
					"DEBUG=1",
					"$(inherited)",
				);
				GCC_WARN_64_TO_32_BIT_CONVERSION = YES;
				GCC_WARN_ABOUT_RETURN_TYPE = YES_ERROR;
				GCC_WARN_UNDECLARED_SELECTOR = YES;
				GCC_WARN_UNINITIALIZED_AUTOS = YES_AGGRESSIVE;
				GCC_WARN_UNUSED_FUNCTION = YES;
				GCC_WARN_UNUSED_VARIABLE = YES;
				IPHONEOS_DEPLOYMENT_TARGET = 16.2;
				MTL_ENABLE_DEBUG_INFO = INCLUDE_SOURCE;
				MTL_FAST_MATH = YES;
				ONLY_ACTIVE_ARCH = YES;
				SDKROOT = iphoneos;
				SWIFT_ACTIVE_COMPILATION_CONDITIONS = DEBUG;
				SWIFT_OPTIMIZATION_LEVEL = "-Onone";
			};
			name = Debug;
		};
		13E9390229A0D92500A6CA0B /* Release */ = {
			isa = XCBuildConfiguration;
			buildSettings = {
				ALWAYS_SEARCH_USER_PATHS = NO;
				CLANG_ANALYZER_NONNULL = YES;
				CLANG_ANALYZER_NUMBER_OBJECT_CONVERSION = YES_AGGRESSIVE;
				CLANG_CXX_LANGUAGE_STANDARD = "gnu++20";
				CLANG_ENABLE_MODULES = YES;
				CLANG_ENABLE_OBJC_ARC = YES;
				CLANG_ENABLE_OBJC_WEAK = YES;
				CLANG_WARN_BLOCK_CAPTURE_AUTORELEASING = YES;
				CLANG_WARN_BOOL_CONVERSION = YES;
				CLANG_WARN_COMMA = YES;
				CLANG_WARN_CONSTANT_CONVERSION = YES;
				CLANG_WARN_DEPRECATED_OBJC_IMPLEMENTATIONS = YES;
				CLANG_WARN_DIRECT_OBJC_ISA_USAGE = YES_ERROR;
				CLANG_WARN_DOCUMENTATION_COMMENTS = YES;
				CLANG_WARN_EMPTY_BODY = YES;
				CLANG_WARN_ENUM_CONVERSION = YES;
				CLANG_WARN_INFINITE_RECURSION = YES;
				CLANG_WARN_INT_CONVERSION = YES;
				CLANG_WARN_NON_LITERAL_NULL_CONVERSION = YES;
				CLANG_WARN_OBJC_IMPLICIT_RETAIN_SELF = YES;
				CLANG_WARN_OBJC_LITERAL_CONVERSION = YES;
				CLANG_WARN_OBJC_ROOT_CLASS = YES_ERROR;
				CLANG_WARN_QUOTED_INCLUDE_IN_FRAMEWORK_HEADER = YES;
				CLANG_WARN_RANGE_LOOP_ANALYSIS = YES;
				CLANG_WARN_STRICT_PROTOTYPES = YES;
				CLANG_WARN_SUSPICIOUS_MOVE = YES;
				CLANG_WARN_UNGUARDED_AVAILABILITY = YES_AGGRESSIVE;
				CLANG_WARN_UNREACHABLE_CODE = YES;
				CLANG_WARN__DUPLICATE_METHOD_MATCH = YES;
				COPY_PHASE_STRIP = NO;
				DEBUG_INFORMATION_FORMAT = "dwarf-with-dsym";
				ENABLE_NS_ASSERTIONS = NO;
				ENABLE_STRICT_OBJC_MSGSEND = YES;
				GCC_C_LANGUAGE_STANDARD = gnu11;
				GCC_NO_COMMON_BLOCKS = YES;
				GCC_WARN_64_TO_32_BIT_CONVERSION = YES;
				GCC_WARN_ABOUT_RETURN_TYPE = YES_ERROR;
				GCC_WARN_UNDECLARED_SELECTOR = YES;
				GCC_WARN_UNINITIALIZED_AUTOS = YES_AGGRESSIVE;
				GCC_WARN_UNUSED_FUNCTION = YES;
				GCC_WARN_UNUSED_VARIABLE = YES;
				IPHONEOS_DEPLOYMENT_TARGET = 16.2;
				MTL_ENABLE_DEBUG_INFO = NO;
				MTL_FAST_MATH = YES;
				SDKROOT = iphoneos;
				SWIFT_COMPILATION_MODE = wholemodule;
				SWIFT_OPTIMIZATION_LEVEL = "-O";
				VALIDATE_PRODUCT = YES;
			};
			name = Release;
		};
		13E9390429A0D92500A6CA0B /* Debug */ = {
			isa = XCBuildConfiguration;
			buildSettings = {
				ASSETCATALOG_COMPILER_APPICON_NAME = AppIcon;
				ASSETCATALOG_COMPILER_GLOBAL_ACCENT_COLOR_NAME = AccentColor;
				CODE_SIGN_STYLE = Automatic;
				CURRENT_PROJECT_VERSION = 1;
				DEVELOPMENT_ASSET_PATHS = "\"PhotoCarpet/Preview Content\"";
				ENABLE_PREVIEWS = YES;
				GENERATE_INFOPLIST_FILE = YES;
				INFOPLIST_FILE = PhotoCarpet/Info.plist;
				INFOPLIST_KEY_UIApplicationSceneManifest_Generation = YES;
				INFOPLIST_KEY_UIApplicationSupportsIndirectInputEvents = YES;
				INFOPLIST_KEY_UILaunchScreen_Generation = YES;
				INFOPLIST_KEY_UIStatusBarStyle = UIStatusBarStyleLightContent;
				INFOPLIST_KEY_UISupportedInterfaceOrientations_iPad = "UIInterfaceOrientationPortrait UIInterfaceOrientationPortraitUpsideDown UIInterfaceOrientationLandscapeLeft UIInterfaceOrientationLandscapeRight";
				INFOPLIST_KEY_UISupportedInterfaceOrientations_iPhone = "UIInterfaceOrientationPortrait UIInterfaceOrientationLandscapeLeft UIInterfaceOrientationLandscapeRight";
				LD_RUNPATH_SEARCH_PATHS = (
					"$(inherited)",
					"@executable_path/Frameworks",
				);
				MARKETING_VERSION = 1.0;
				PRODUCT_BUNDLE_IDENTIFIER = photocarpet.PhotoCarpet;
				PRODUCT_NAME = "$(TARGET_NAME)";
				SWIFT_EMIT_LOC_STRINGS = YES;
				SWIFT_VERSION = 5.0;
				TARGETED_DEVICE_FAMILY = "1,2";
			};
			name = Debug;
		};
		13E9390529A0D92500A6CA0B /* Release */ = {
			isa = XCBuildConfiguration;
			buildSettings = {
				ASSETCATALOG_COMPILER_APPICON_NAME = AppIcon;
				ASSETCATALOG_COMPILER_GLOBAL_ACCENT_COLOR_NAME = AccentColor;
				CODE_SIGN_STYLE = Automatic;
				CURRENT_PROJECT_VERSION = 1;
				DEVELOPMENT_ASSET_PATHS = "\"PhotoCarpet/Preview Content\"";
				ENABLE_PREVIEWS = YES;
				GENERATE_INFOPLIST_FILE = YES;
				INFOPLIST_FILE = PhotoCarpet/Info.plist;
				INFOPLIST_KEY_UIApplicationSceneManifest_Generation = YES;
				INFOPLIST_KEY_UIApplicationSupportsIndirectInputEvents = YES;
				INFOPLIST_KEY_UILaunchScreen_Generation = YES;
				INFOPLIST_KEY_UIStatusBarStyle = UIStatusBarStyleLightContent;
				INFOPLIST_KEY_UISupportedInterfaceOrientations_iPad = "UIInterfaceOrientationPortrait UIInterfaceOrientationPortraitUpsideDown UIInterfaceOrientationLandscapeLeft UIInterfaceOrientationLandscapeRight";
				INFOPLIST_KEY_UISupportedInterfaceOrientations_iPhone = "UIInterfaceOrientationPortrait UIInterfaceOrientationLandscapeLeft UIInterfaceOrientationLandscapeRight";
				LD_RUNPATH_SEARCH_PATHS = (
					"$(inherited)",
					"@executable_path/Frameworks",
				);
				MARKETING_VERSION = 1.0;
				PRODUCT_BUNDLE_IDENTIFIER = photocarpet.PhotoCarpet;
				PRODUCT_NAME = "$(TARGET_NAME)";
				SWIFT_EMIT_LOC_STRINGS = YES;
				SWIFT_VERSION = 5.0;
				TARGETED_DEVICE_FAMILY = "1,2";
			};
			name = Release;
		};
/* End XCBuildConfiguration section */

/* Begin XCConfigurationList section */
		13E938F029A0D92400A6CA0B /* Build configuration list for PBXProject "PhotoCarpet" */ = {
			isa = XCConfigurationList;
			buildConfigurations = (
				13E9390129A0D92500A6CA0B /* Debug */,
				13E9390229A0D92500A6CA0B /* Release */,
			);
			defaultConfigurationIsVisible = 0;
			defaultConfigurationName = Release;
		};
		13E9390329A0D92500A6CA0B /* Build configuration list for PBXNativeTarget "PhotoCarpet" */ = {
			isa = XCConfigurationList;
			buildConfigurations = (
				13E9390429A0D92500A6CA0B /* Debug */,
				13E9390529A0D92500A6CA0B /* Release */,
			);
			defaultConfigurationIsVisible = 0;
			defaultConfigurationName = Release;
		};
/* End XCConfigurationList section */

/* Begin XCRemoteSwiftPackageReference section */
		133EBBDA29AB604500DAB0AE /* XCRemoteSwiftPackageReference "Alamofire" */ = {
			isa = XCRemoteSwiftPackageReference;
			repositoryURL = "https://github.com/Alamofire/Alamofire";
			requirement = {
				kind = upToNextMajorVersion;
				minimumVersion = 5.0.0;
			};
		};
/* End XCRemoteSwiftPackageReference section */

/* Begin XCSwiftPackageProductDependency section */
		133EBBDB29AB604500DAB0AE /* Alamofire */ = {
			isa = XCSwiftPackageProductDependency;
			package = 133EBBDA29AB604500DAB0AE /* XCRemoteSwiftPackageReference "Alamofire" */;
			productName = Alamofire;
		};
/* End XCSwiftPackageProductDependency section */
	};
	rootObject = 13E938ED29A0D92400A6CA0B /* Project object */;
}
